{
  "version": "3",
  "remote": {
    "https://deno.land/std@0.208.0/http/server.ts": "sha384-...",
    "npm:@supabase/supabase-js@2.39.7": "sha384-...",
    "npm:cheerio@1.0.0-rc.12": "sha384-..."
  },
  "packages": {
    "specifiers": {
      "std/": "https://deno.land/std@0.208.0/",
      "@supabase/supabase-js": "npm:@supabase/supabase-js@2.39.7",
      "cheerio": "npm:cheerio@1.0.0-rc.12"
    }
  }
} 